
Microsoft Visual Studio Solution File, Format Version 12.00
# Visual Studio Version 17
VisualStudioVersion = 17.7.34031.279
MinimumVisualStudioVersion = 10.0.40219.1
Project("{FAE04EC0-301F-11D3-BF4B-00C04F79EFBC}") = "QLThuVien", "QLThuVien.csproj", "{EB35171B-580B-4F41-8749-754126C6115A}"
EndProject
Global
	GlobalSection(SolutionConfigurationPlatforms) = preSolution
		Debug|Any CPU = Debug|Any CPU
		Release|Any CPU = Release|Any CPU
	EndGlobalSection
	GlobalSection(ProjectConfigurationPlatforms) = postSolution
		{EB35171B-580B-4F41-8749-754126C6115A}.Debug|Any CPU.ActiveCfg = Debug|Any CPU
		{EB35171B-580B-4F41-8749-754126C6115A}.Debug|Any CPU.Build.0 = Debug|Any CPU
		{EB35171B-580B-4F41-8749-754126C6115A}.Release|Any CPU.ActiveCfg = Release|Any CPU
		{EB35171B-580B-4F41-8749-754126C6115A}.Release|Any CPU.Build.0 = Release|Any CPU
	EndGlobalSection
	GlobalSection(SolutionProperties) = preSolution
		HideSolutionNode = FALSE
	EndGlobalSection
	GlobalSection(ExtensibilityGlobals) = postSolution
		SolutionGuid = {EE3717E8-12DF-4B5A-8557-9D7424B4F641}
	EndGlobalSection
EndGlobal
